
Microsoft Visual Studio Solution File, Format Version 12.00
# Visual Studio 2013
VisualStudioVersion = 12.0.31101.0
MinimumVisualStudioVersion = 10.0.40219.1
Project("{FAE04EC0-301F-11D3-BF4B-00C04F79EFBC}") = "SpResultToObjectModel.DAL", "SpResultToObjectModel.DAL\SpResultToObjectModel.DAL.csproj", "{AD84A069-EE5D-43BC-B1FE-A1E6257462D6}"
EndProject
Project("{FAE04EC0-301F-11D3-BF4B-00C04F79EFBC}") = "SpResultToObjectModel.Core", "SpResultToObjectModel.Core\SpResultToObjectModel.Core.csproj", "{94EC5AEB-99E9-486E-9BC6-488C438F38AF}"
EndProject
Project("{FAE04EC0-301F-11D3-BF4B-00C04F79EFBC}") = "SpResultToObjectModel.BLL", "SpResultToObjectModel.BLL\SpResultToObjectModel.BLL.csproj", "{54B6014F-F951-436B-ACDB-12A8B884EEF5}"
EndProject
Project("{FAE04EC0-301F-11D3-BF4B-00C04F79EFBC}") = "SpResultToObjectModel.Consolee", "SpResultToObjectModel.Console\SpResultToObjectModel.Consolee.csproj", "{47BC23F4-B64F-4AD1-A450-A14209011BA6}"
EndProject
Global
	GlobalSection(SolutionConfigurationPlatforms) = preSolution
		Debug|Any CPU = Debug|Any CPU
		Release|Any CPU = Release|Any CPU
	EndGlobalSection
	GlobalSection(ProjectConfigurationPlatforms) = postSolution
		{AD84A069-EE5D-43BC-B1FE-A1E6257462D6}.Debug|Any CPU.ActiveCfg = Debug|Any CPU
		{AD84A069-EE5D-43BC-B1FE-A1E6257462D6}.Debug|Any CPU.Build.0 = Debug|Any CPU
		{AD84A069-EE5D-43BC-B1FE-A1E6257462D6}.Release|Any CPU.ActiveCfg = Release|Any CPU
		{AD84A069-EE5D-43BC-B1FE-A1E6257462D6}.Release|Any CPU.Build.0 = Release|Any CPU
		{94EC5AEB-99E9-486E-9BC6-488C438F38AF}.Debug|Any CPU.ActiveCfg = Debug|Any CPU
		{94EC5AEB-99E9-486E-9BC6-488C438F38AF}.Debug|Any CPU.Build.0 = Debug|Any CPU
		{94EC5AEB-99E9-486E-9BC6-488C438F38AF}.Release|Any CPU.ActiveCfg = Release|Any CPU
		{94EC5AEB-99E9-486E-9BC6-488C438F38AF}.Release|Any CPU.Build.0 = Release|Any CPU
		{54B6014F-F951-436B-ACDB-12A8B884EEF5}.Debug|Any CPU.ActiveCfg = Debug|Any CPU
		{54B6014F-F951-436B-ACDB-12A8B884EEF5}.Debug|Any CPU.Build.0 = Debug|Any CPU
		{54B6014F-F951-436B-ACDB-12A8B884EEF5}.Release|Any CPU.ActiveCfg = Release|Any CPU
		{54B6014F-F951-436B-ACDB-12A8B884EEF5}.Release|Any CPU.Build.0 = Release|Any CPU
		{47BC23F4-B64F-4AD1-A450-A14209011BA6}.Debug|Any CPU.ActiveCfg = Debug|Any CPU
		{47BC23F4-B64F-4AD1-A450-A14209011BA6}.Debug|Any CPU.Build.0 = Debug|Any CPU
		{47BC23F4-B64F-4AD1-A450-A14209011BA6}.Release|Any CPU.ActiveCfg = Release|Any CPU
		{47BC23F4-B64F-4AD1-A450-A14209011BA6}.Release|Any CPU.Build.0 = Release|Any CPU
	EndGlobalSection
	GlobalSection(SolutionProperties) = preSolution
		HideSolutionNode = FALSE
	EndGlobalSection
EndGlobal
